
Microsoft Visual Studio Solution File, Format Version 12.00
# Visual Studio Version 16
VisualStudioVersion = 16.0.29613.14
MinimumVisualStudioVersion = 10.0.40219.1
Project("{FAE04EC0-301F-11D3-BF4B-00C04F79EFBC}") = "Tiny-Clothing", "Tiny-Clothing\Tiny-Clothing.csproj", "{4E9657D9-C361-4C7D-B404-C090A4FAF261}"
EndProject
Global
	GlobalSection(SolutionConfigurationPlatforms) = preSolution
		Debug|Any CPU = Debug|Any CPU
		Release|Any CPU = Release|Any CPU
	EndGlobalSection
	GlobalSection(ProjectConfigurationPlatforms) = postSolution
		{4E9657D9-C361-4C7D-B404-C090A4FAF261}.Debug|Any CPU.ActiveCfg = Debug|Any CPU
		{4E9657D9-C361-4C7D-B404-C090A4FAF261}.Debug|Any CPU.Build.0 = Debug|Any CPU
		{4E9657D9-C361-4C7D-B404-C090A4FAF261}.Release|Any CPU.ActiveCfg = Release|Any CPU
		{4E9657D9-C361-4C7D-B404-C090A4FAF261}.Release|Any CPU.Build.0 = Release|Any CPU
	EndGlobalSection
	GlobalSection(SolutionProperties) = preSolution
		HideSolutionNode = FALSE
	EndGlobalSection
	GlobalSection(ExtensibilityGlobals) = postSolution
		SolutionGuid = {5891E5D8-3687-44FA-8A00-D7593ACA25AE}
	EndGlobalSection
EndGlobal
